
Microsoft Visual Studio Solution File, Format Version 12.00
# Visual Studio Version 17
VisualStudioVersion = 17.10.34916.146
MinimumVisualStudioVersion = 10.0.40219.1
Project("{9A19103F-16F7-4668-BE54-9A1E7A4F7556}") = "SchoolManagement", "SchoolManagement\SchoolManagement.csproj", "{EEAE5D4E-DA56-4F2E-A531-8A42E80E5170}"
EndProject
Global
	GlobalSection(SolutionConfigurationPlatforms) = preSolution
		Debug|Any CPU = Debug|Any CPU
		Release|Any CPU = Release|Any CPU
	EndGlobalSection
	GlobalSection(ProjectConfigurationPlatforms) = postSolution
		{EEAE5D4E-DA56-4F2E-A531-8A42E80E5170}.Debug|Any CPU.ActiveCfg = Debug|Any CPU
		{EEAE5D4E-DA56-4F2E-A531-8A42E80E5170}.Debug|Any CPU.Build.0 = Debug|Any CPU
		{EEAE5D4E-DA56-4F2E-A531-8A42E80E5170}.Release|Any CPU.ActiveCfg = Release|Any CPU
		{EEAE5D4E-DA56-4F2E-A531-8A42E80E5170}.Release|Any CPU.Build.0 = Release|Any CPU
	EndGlobalSection
	GlobalSection(SolutionProperties) = preSolution
		HideSolutionNode = FALSE
	EndGlobalSection
	GlobalSection(ExtensibilityGlobals) = postSolution
		SolutionGuid = {04F1C4D2-D995-4CB8-B84B-9CF551378710}
	EndGlobalSection
EndGlobal
